
Microsoft Visual Studio Solution File, Format Version 12.00
# Visual Studio Version 17
VisualStudioVersion = 17.8.34309.116
MinimumVisualStudioVersion = 10.0.40219.1
Project("{FAE04EC0-301F-11D3-BF4B-00C04F79EFBC}") = "ASPA001", "ASPA001\ASPA001.csproj", "{DE5699DA-17CE-48DF-9F11-3AEDA33B4956}"
EndProject
Global
	GlobalSection(SolutionConfigurationPlatforms) = preSolution
		Debug|Any CPU = Debug|Any CPU
		Release|Any CPU = Release|Any CPU
	EndGlobalSection
	GlobalSection(ProjectConfigurationPlatforms) = postSolution
		{DE5699DA-17CE-48DF-9F11-3AEDA33B4956}.Debug|Any CPU.ActiveCfg = Debug|Any CPU
		{DE5699DA-17CE-48DF-9F11-3AEDA33B4956}.Debug|Any CPU.Build.0 = Debug|Any CPU
		{DE5699DA-17CE-48DF-9F11-3AEDA33B4956}.Release|Any CPU.ActiveCfg = Release|Any CPU
		{DE5699DA-17CE-48DF-9F11-3AEDA33B4956}.Release|Any CPU.Build.0 = Release|Any CPU
	EndGlobalSection
	GlobalSection(SolutionProperties) = preSolution
		HideSolutionNode = FALSE
	EndGlobalSection
	GlobalSection(ExtensibilityGlobals) = postSolution
		SolutionGuid = {178AF6AE-78F5-4212-8279-272B4754ADEC}
	EndGlobalSection
EndGlobal
